
Microsoft Visual Studio Solution File, Format Version 12.00
# Visual Studio Version 16
VisualStudioVersion = 16.0.29123.88
MinimumVisualStudioVersion = 10.0.40219.1
Project("{FAE04EC0-301F-11D3-BF4B-00C04F79EFBC}") = "Year13NEAT", "Year13NEAT\Year13NEAT.csproj", "{152C78BE-D06F-4CA5-99C4-5CCD79D2A9FE}"
EndProject
Global
	GlobalSection(SolutionConfigurationPlatforms) = preSolution
		Debug|Any CPU = Debug|Any CPU
		Release|Any CPU = Release|Any CPU
	EndGlobalSection
	GlobalSection(ProjectConfigurationPlatforms) = postSolution
		{152C78BE-D06F-4CA5-99C4-5CCD79D2A9FE}.Debug|Any CPU.ActiveCfg = Debug|Any CPU
		{152C78BE-D06F-4CA5-99C4-5CCD79D2A9FE}.Debug|Any CPU.Build.0 = Debug|Any CPU
		{152C78BE-D06F-4CA5-99C4-5CCD79D2A9FE}.Release|Any CPU.ActiveCfg = Release|Any CPU
		{152C78BE-D06F-4CA5-99C4-5CCD79D2A9FE}.Release|Any CPU.Build.0 = Release|Any CPU
	EndGlobalSection
	GlobalSection(SolutionProperties) = preSolution
		HideSolutionNode = FALSE
	EndGlobalSection
	GlobalSection(ExtensibilityGlobals) = postSolution
		SolutionGuid = {305D9A6C-60FF-4D4C-BDF5-F68A9EC985A3}
	EndGlobalSection
EndGlobal
